
Microsoft Visual Studio Solution File, Format Version 12.00
# Visual Studio Version 17
VisualStudioVersion = 17.10.35122.118
MinimumVisualStudioVersion = 10.0.40219.1
Project("{9A19103F-16F7-4668-BE54-9A1E7A4F7556}") = "NetAuthManager", "NetAuthManager\NetAuthManager.csproj", "{8072E3D1-7B13-41C4-AEF7-CFF4D25EFA48}"
EndProject
Global
	GlobalSection(SolutionConfigurationPlatforms) = preSolution
		Debug|Any CPU = Debug|Any CPU
		Release|Any CPU = Release|Any CPU
	EndGlobalSection
	GlobalSection(ProjectConfigurationPlatforms) = postSolution
		{8072E3D1-7B13-41C4-AEF7-CFF4D25EFA48}.Debug|Any CPU.ActiveCfg = Debug|Any CPU
		{8072E3D1-7B13-41C4-AEF7-CFF4D25EFA48}.Debug|Any CPU.Build.0 = Debug|Any CPU
		{8072E3D1-7B13-41C4-AEF7-CFF4D25EFA48}.Release|Any CPU.ActiveCfg = Release|Any CPU
		{8072E3D1-7B13-41C4-AEF7-CFF4D25EFA48}.Release|Any CPU.Build.0 = Release|Any CPU
	EndGlobalSection
	GlobalSection(SolutionProperties) = preSolution
		HideSolutionNode = FALSE
	EndGlobalSection
	GlobalSection(ExtensibilityGlobals) = postSolution
		SolutionGuid = {D1B7604C-7BFF-4099-BEAE-2767B6502622}
	EndGlobalSection
EndGlobal
